
Microsoft Visual Studio Solution File, Format Version 12.00
# Visual Studio Version 17
VisualStudioVersion = 17.14.36119.2 d17.14
MinimumVisualStudioVersion = 10.0.40219.1
Project("{FAE04EC0-301F-11D3-BF4B-00C04F79EFBC}") = "SingletonPatternExample", "SingletonPatternExample.csproj", "{6781AAA3-06FA-4366-AFD1-38E7D23BCF0D}"
EndProject
Global
	GlobalSection(SolutionConfigurationPlatforms) = preSolution
		Debug|Any CPU = Debug|Any CPU
		Release|Any CPU = Release|Any CPU
	EndGlobalSection
	GlobalSection(ProjectConfigurationPlatforms) = postSolution
		{6781AAA3-06FA-4366-AFD1-38E7D23BCF0D}.Debug|Any CPU.ActiveCfg = Debug|Any CPU
		{6781AAA3-06FA-4366-AFD1-38E7D23BCF0D}.Debug|Any CPU.Build.0 = Debug|Any CPU
		{6781AAA3-06FA-4366-AFD1-38E7D23BCF0D}.Release|Any CPU.ActiveCfg = Release|Any CPU
		{6781AAA3-06FA-4366-AFD1-38E7D23BCF0D}.Release|Any CPU.Build.0 = Release|Any CPU
	EndGlobalSection
	GlobalSection(SolutionProperties) = preSolution
		HideSolutionNode = FALSE
	EndGlobalSection
	GlobalSection(ExtensibilityGlobals) = postSolution
		SolutionGuid = {7E20F5FF-68B3-4B19-90B6-EA3D0BCE95A8}
	EndGlobalSection
EndGlobal
