
Microsoft Visual Studio Solution File, Format Version 12.00
# Visual Studio Version 17
VisualStudioVersion = 17.14.36119.2 d17.14
MinimumVisualStudioVersion = 10.0.40219.1
Project("{FAE04EC0-301F-11D3-BF4B-00C04F79EFBC}") = "CustomerCommLib", "CustomerCommLib.csproj", "{4E5A8706-F97E-4377-AEFD-EF960C6207C0}"
EndProject
Project("{FAE04EC0-301F-11D3-BF4B-00C04F79EFBC}") = "CustomerComm.Tests", "..\CustomerComm.Tests\CustomerComm.Tests.csproj", "{1AA16A99-69D4-4025-91FC-B62DC70EB04F}"
EndProject
Global
	GlobalSection(SolutionConfigurationPlatforms) = preSolution
		Debug|Any CPU = Debug|Any CPU
		Release|Any CPU = Release|Any CPU
	EndGlobalSection
	GlobalSection(ProjectConfigurationPlatforms) = postSolution
		{4E5A8706-F97E-4377-AEFD-EF960C6207C0}.Debug|Any CPU.ActiveCfg = Debug|Any CPU
		{4E5A8706-F97E-4377-AEFD-EF960C6207C0}.Debug|Any CPU.Build.0 = Debug|Any CPU
		{4E5A8706-F97E-4377-AEFD-EF960C6207C0}.Release|Any CPU.ActiveCfg = Release|Any CPU
		{4E5A8706-F97E-4377-AEFD-EF960C6207C0}.Release|Any CPU.Build.0 = Release|Any CPU
		{1AA16A99-69D4-4025-91FC-B62DC70EB04F}.Debug|Any CPU.ActiveCfg = Debug|Any CPU
		{1AA16A99-69D4-4025-91FC-B62DC70EB04F}.Debug|Any CPU.Build.0 = Debug|Any CPU
		{1AA16A99-69D4-4025-91FC-B62DC70EB04F}.Release|Any CPU.ActiveCfg = Release|Any CPU
		{1AA16A99-69D4-4025-91FC-B62DC70EB04F}.Release|Any CPU.Build.0 = Release|Any CPU
	EndGlobalSection
	GlobalSection(SolutionProperties) = preSolution
		HideSolutionNode = FALSE
	EndGlobalSection
	GlobalSection(ExtensibilityGlobals) = postSolution
		SolutionGuid = {1F3D96E6-7181-48C6-A1EF-FBAA7D3D5446}
	EndGlobalSection
EndGlobal
