
Microsoft Visual Studio Solution File, Format Version 12.00
# Visual Studio Version 17
VisualStudioVersion = 17.14.36119.2 d17.14
MinimumVisualStudioVersion = 10.0.40219.1
Project("{FAE04EC0-301F-11D3-BF4B-00C04F79EFBC}") = "CalcLibrary", "CalcLibrary.csproj", "{3AC95A0B-F587-4415-B0FA-3499F8B4BE07}"
EndProject
Project("{FAE04EC0-301F-11D3-BF4B-00C04F79EFBC}") = "CalcLibrary.Tests", "..\CalcLibrary.Tests\CalcLibrary.Tests.csproj", "{3F0D2B6A-1FDA-4C5D-8447-718F2ADB18F6}"
EndProject
Global
	GlobalSection(SolutionConfigurationPlatforms) = preSolution
		Debug|Any CPU = Debug|Any CPU
		Release|Any CPU = Release|Any CPU
	EndGlobalSection
	GlobalSection(ProjectConfigurationPlatforms) = postSolution
		{3AC95A0B-F587-4415-B0FA-3499F8B4BE07}.Debug|Any CPU.ActiveCfg = Debug|Any CPU
		{3AC95A0B-F587-4415-B0FA-3499F8B4BE07}.Debug|Any CPU.Build.0 = Debug|Any CPU
		{3AC95A0B-F587-4415-B0FA-3499F8B4BE07}.Release|Any CPU.ActiveCfg = Release|Any CPU
		{3AC95A0B-F587-4415-B0FA-3499F8B4BE07}.Release|Any CPU.Build.0 = Release|Any CPU
		{3F0D2B6A-1FDA-4C5D-8447-718F2ADB18F6}.Debug|Any CPU.ActiveCfg = Debug|Any CPU
		{3F0D2B6A-1FDA-4C5D-8447-718F2ADB18F6}.Debug|Any CPU.Build.0 = Debug|Any CPU
		{3F0D2B6A-1FDA-4C5D-8447-718F2ADB18F6}.Release|Any CPU.ActiveCfg = Release|Any CPU
		{3F0D2B6A-1FDA-4C5D-8447-718F2ADB18F6}.Release|Any CPU.Build.0 = Release|Any CPU
	EndGlobalSection
	GlobalSection(SolutionProperties) = preSolution
		HideSolutionNode = FALSE
	EndGlobalSection
	GlobalSection(ExtensibilityGlobals) = postSolution
		SolutionGuid = {608022FD-807D-452E-A5B0-6FFCD241E2C4}
	EndGlobalSection
EndGlobal
